
Microsoft Visual Studio Solution File, Format Version 12.00
Project("{FAE04EC0-301F-11D3-BF4B-00C04F79EFBC}") = "LivinParis", "LivinParis\LivinParis.csproj", "{35D72212-FD50-4355-A083-03D687698167}"
EndProject
Project("{FAE04EC0-301F-11D3-BF4B-00C04F79EFBC}") = "Graph", "Graph\Graph.csproj", "{A1FB2452-18EF-4256-A98A-D7D19E61E61B}"
EndProject
Project("{FAE04EC0-301F-11D3-BF4B-00C04F79EFBC}") = "DBConnectLibrary", "DBConnectLibrary\DBConnectLibrary.csproj", "{83715FB8-57AA-477A-A51F-2548E6479FF0}"
EndProject
Project("{FAE04EC0-301F-11D3-BF4B-00C04F79EFBC}") = "TestProgramme", "TestProgramme\TestProgramme.csproj", "{9B0700E8-2512-4D39-9C8F-D00EBE32D8A5}"
EndProject
Global
	GlobalSection(SolutionConfigurationPlatforms) = preSolution
		Debug|Any CPU = Debug|Any CPU
		Release|Any CPU = Release|Any CPU
	EndGlobalSection
	GlobalSection(ProjectConfigurationPlatforms) = postSolution
		{35D72212-FD50-4355-A083-03D687698167}.Debug|Any CPU.ActiveCfg = Debug|Any CPU
		{35D72212-FD50-4355-A083-03D687698167}.Debug|Any CPU.Build.0 = Debug|Any CPU
		{35D72212-FD50-4355-A083-03D687698167}.Release|Any CPU.ActiveCfg = Release|Any CPU
		{35D72212-FD50-4355-A083-03D687698167}.Release|Any CPU.Build.0 = Release|Any CPU
		{A1FB2452-18EF-4256-A98A-D7D19E61E61B}.Debug|Any CPU.ActiveCfg = Debug|Any CPU
		{A1FB2452-18EF-4256-A98A-D7D19E61E61B}.Debug|Any CPU.Build.0 = Debug|Any CPU
		{A1FB2452-18EF-4256-A98A-D7D19E61E61B}.Release|Any CPU.ActiveCfg = Release|Any CPU
		{A1FB2452-18EF-4256-A98A-D7D19E61E61B}.Release|Any CPU.Build.0 = Release|Any CPU
		{83715FB8-57AA-477A-A51F-2548E6479FF0}.Debug|Any CPU.ActiveCfg = Debug|Any CPU
		{83715FB8-57AA-477A-A51F-2548E6479FF0}.Debug|Any CPU.Build.0 = Debug|Any CPU
		{83715FB8-57AA-477A-A51F-2548E6479FF0}.Release|Any CPU.ActiveCfg = Release|Any CPU
		{83715FB8-57AA-477A-A51F-2548E6479FF0}.Release|Any CPU.Build.0 = Release|Any CPU
		{9B0700E8-2512-4D39-9C8F-D00EBE32D8A5}.Debug|Any CPU.ActiveCfg = Debug|Any CPU
		{9B0700E8-2512-4D39-9C8F-D00EBE32D8A5}.Debug|Any CPU.Build.0 = Debug|Any CPU
		{9B0700E8-2512-4D39-9C8F-D00EBE32D8A5}.Release|Any CPU.ActiveCfg = Release|Any CPU
		{9B0700E8-2512-4D39-9C8F-D00EBE32D8A5}.Release|Any CPU.Build.0 = Release|Any CPU
	EndGlobalSection
EndGlobal
